
Microsoft Visual Studio Solution File, Format Version 12.00
# Visual Studio 14
VisualStudioVersion = 14.0.25420.1
MinimumVisualStudioVersion = 10.0.40219.1
Project("{FAE04EC0-301F-11D3-BF4B-00C04F79EFBC}") = "YankResources", "YankResources\YankResources.csproj", "{7D00A376-8DE7-460D-BE51-D5016BA62900}"
EndProject
Project("{FAE04EC0-301F-11D3-BF4B-00C04F79EFBC}") = "YankResources.Entity", "YankResources.Entity\YankResources.Entity.csproj", "{7CE4F26A-8384-4327-BAF6-31FD08CB9DBC}"
EndProject
Project("{FAE04EC0-301F-11D3-BF4B-00C04F79EFBC}") = "YankResources.DAL", "YankResources.DAL\YankResources.DAL.csproj", "{E42C1A32-DBA6-429F-B7F7-0C0EB3DA3DAA}"
EndProject
Project("{FAE04EC0-301F-11D3-BF4B-00C04F79EFBC}") = "YankResources.BLL", "YankResources.BLL\YankResources.BLL.csproj", "{8C341892-B120-4A58-AC4B-9D5068E1E1F9}"
EndProject
Project("{FAE04EC0-301F-11D3-BF4B-00C04F79EFBC}") = "YankResources.DTO", "YankResource.DAO\YankResources.DTO.csproj", "{B6A5AF9C-168C-4C52-A628-E5E6F95E1509}"
EndProject
Project("{2150E333-8FDC-42A3-9474-1A3956D46DE8}") = "DAL", "DAL", "{E486AF2B-F2FF-4067-9A6C-4CFA2F5CD454}"
EndProject
Project("{2150E333-8FDC-42A3-9474-1A3956D46DE8}") = "BLL", "BLL", "{0EBA601A-29A0-4A67-871B-AA67C9DB7CB0}"
EndProject
Project("{2150E333-8FDC-42A3-9474-1A3956D46DE8}") = "Common", "Common", "{18A6A9F3-6919-4C40-B414-512E59F26175}"
EndProject
Project("{FAE04EC0-301F-11D3-BF4B-00C04F79EFBC}") = "YankResources.Utility", "YankResources.Utility\YankResources.Utility.csproj", "{341B9A26-82E7-478B-B521-0B01BE1648E1}"
EndProject
Global
	GlobalSection(SolutionConfigurationPlatforms) = preSolution
		Debug|Any CPU = Debug|Any CPU
		Release|Any CPU = Release|Any CPU
	EndGlobalSection
	GlobalSection(ProjectConfigurationPlatforms) = postSolution
		{7D00A376-8DE7-460D-BE51-D5016BA62900}.Debug|Any CPU.ActiveCfg = Debug|Any CPU
		{7D00A376-8DE7-460D-BE51-D5016BA62900}.Debug|Any CPU.Build.0 = Debug|Any CPU
		{7D00A376-8DE7-460D-BE51-D5016BA62900}.Release|Any CPU.ActiveCfg = Release|Any CPU
		{7D00A376-8DE7-460D-BE51-D5016BA62900}.Release|Any CPU.Build.0 = Release|Any CPU
		{7CE4F26A-8384-4327-BAF6-31FD08CB9DBC}.Debug|Any CPU.ActiveCfg = Debug|Any CPU
		{7CE4F26A-8384-4327-BAF6-31FD08CB9DBC}.Debug|Any CPU.Build.0 = Debug|Any CPU
		{7CE4F26A-8384-4327-BAF6-31FD08CB9DBC}.Release|Any CPU.ActiveCfg = Release|Any CPU
		{7CE4F26A-8384-4327-BAF6-31FD08CB9DBC}.Release|Any CPU.Build.0 = Release|Any CPU
		{E42C1A32-DBA6-429F-B7F7-0C0EB3DA3DAA}.Debug|Any CPU.ActiveCfg = Debug|Any CPU
		{E42C1A32-DBA6-429F-B7F7-0C0EB3DA3DAA}.Debug|Any CPU.Build.0 = Debug|Any CPU
		{E42C1A32-DBA6-429F-B7F7-0C0EB3DA3DAA}.Release|Any CPU.ActiveCfg = Release|Any CPU
		{E42C1A32-DBA6-429F-B7F7-0C0EB3DA3DAA}.Release|Any CPU.Build.0 = Release|Any CPU
		{8C341892-B120-4A58-AC4B-9D5068E1E1F9}.Debug|Any CPU.ActiveCfg = Debug|Any CPU
		{8C341892-B120-4A58-AC4B-9D5068E1E1F9}.Debug|Any CPU.Build.0 = Debug|Any CPU
		{8C341892-B120-4A58-AC4B-9D5068E1E1F9}.Release|Any CPU.ActiveCfg = Release|Any CPU
		{8C341892-B120-4A58-AC4B-9D5068E1E1F9}.Release|Any CPU.Build.0 = Release|Any CPU
		{B6A5AF9C-168C-4C52-A628-E5E6F95E1509}.Debug|Any CPU.ActiveCfg = Debug|Any CPU
		{B6A5AF9C-168C-4C52-A628-E5E6F95E1509}.Debug|Any CPU.Build.0 = Debug|Any CPU
		{B6A5AF9C-168C-4C52-A628-E5E6F95E1509}.Release|Any CPU.ActiveCfg = Release|Any CPU
		{B6A5AF9C-168C-4C52-A628-E5E6F95E1509}.Release|Any CPU.Build.0 = Release|Any CPU
		{341B9A26-82E7-478B-B521-0B01BE1648E1}.Debug|Any CPU.ActiveCfg = Debug|Any CPU
		{341B9A26-82E7-478B-B521-0B01BE1648E1}.Debug|Any CPU.Build.0 = Debug|Any CPU
		{341B9A26-82E7-478B-B521-0B01BE1648E1}.Release|Any CPU.ActiveCfg = Release|Any CPU
		{341B9A26-82E7-478B-B521-0B01BE1648E1}.Release|Any CPU.Build.0 = Release|Any CPU
	EndGlobalSection
	GlobalSection(SolutionProperties) = preSolution
		HideSolutionNode = FALSE
	EndGlobalSection
	GlobalSection(NestedProjects) = preSolution
		{7CE4F26A-8384-4327-BAF6-31FD08CB9DBC} = {E486AF2B-F2FF-4067-9A6C-4CFA2F5CD454}
		{E42C1A32-DBA6-429F-B7F7-0C0EB3DA3DAA} = {E486AF2B-F2FF-4067-9A6C-4CFA2F5CD454}
		{8C341892-B120-4A58-AC4B-9D5068E1E1F9} = {0EBA601A-29A0-4A67-871B-AA67C9DB7CB0}
		{B6A5AF9C-168C-4C52-A628-E5E6F95E1509} = {0EBA601A-29A0-4A67-871B-AA67C9DB7CB0}
		{341B9A26-82E7-478B-B521-0B01BE1648E1} = {18A6A9F3-6919-4C40-B414-512E59F26175}
	EndGlobalSection
EndGlobal
